
Microsoft Visual Studio Solution File, Format Version 12.00
# Visual Studio Version 17
VisualStudioVersion = 17.6.33801.468
MinimumVisualStudioVersion = 10.0.40219.1
Project("{FAE04EC0-301F-11D3-BF4B-00C04F79EFBC}") = "vjezbanje", "vjezbanje\vjezbanje.csproj", "{F46BBB75-4C57-400B-BB5F-740026E8735C}"
EndProject
Global
	GlobalSection(SolutionConfigurationPlatforms) = preSolution
		Debug|Any CPU = Debug|Any CPU
		Release|Any CPU = Release|Any CPU
	EndGlobalSection
	GlobalSection(ProjectConfigurationPlatforms) = postSolution
		{F46BBB75-4C57-400B-BB5F-740026E8735C}.Debug|Any CPU.ActiveCfg = Debug|Any CPU
		{F46BBB75-4C57-400B-BB5F-740026E8735C}.Debug|Any CPU.Build.0 = Debug|Any CPU
		{F46BBB75-4C57-400B-BB5F-740026E8735C}.Release|Any CPU.ActiveCfg = Release|Any CPU
		{F46BBB75-4C57-400B-BB5F-740026E8735C}.Release|Any CPU.Build.0 = Release|Any CPU
	EndGlobalSection
	GlobalSection(SolutionProperties) = preSolution
		HideSolutionNode = FALSE
	EndGlobalSection
	GlobalSection(ExtensibilityGlobals) = postSolution
		SolutionGuid = {8F87E4C6-E4F7-4E03-81D7-8ADAC63ED6B0}
	EndGlobalSection
EndGlobal
