
Microsoft Visual Studio Solution File, Format Version 12.00
# Visual Studio Version 17
VisualStudioVersion = 17.6.33801.468
MinimumVisualStudioVersion = 10.0.40219.1
Project("{9A19103F-16F7-4668-BE54-9A1E7A4F7556}") = "bzvzVjezbanje06", "bzvzVjezbanje06\bzvzVjezbanje06.csproj", "{4D629AF3-18F4-489D-84A1-5D0F0E3C7A37}"
EndProject
Project("{FAE04EC0-301F-11D3-BF4B-00C04F79EFBC}") = "vjezbanjeucahurivanje", "vjezbanjeucahurivanje\vjezbanjeucahurivanje.csproj", "{1B5AF885-C21C-4F04-B864-0A00D872AD94}"
EndProject
Project("{FAE04EC0-301F-11D3-BF4B-00C04F79EFBC}") = "JednakostObjekataVjezba", "JednakostObjekataVjezba\JednakostObjekataVjezba.csproj", "{4C033FD4-DC52-4A8F-8BD0-CC6D623207A8}"
EndProject
Global
	GlobalSection(SolutionConfigurationPlatforms) = preSolution
		Debug|Any CPU = Debug|Any CPU
		Release|Any CPU = Release|Any CPU
	EndGlobalSection
	GlobalSection(ProjectConfigurationPlatforms) = postSolution
		{4D629AF3-18F4-489D-84A1-5D0F0E3C7A37}.Debug|Any CPU.ActiveCfg = Debug|Any CPU
		{4D629AF3-18F4-489D-84A1-5D0F0E3C7A37}.Debug|Any CPU.Build.0 = Debug|Any CPU
		{4D629AF3-18F4-489D-84A1-5D0F0E3C7A37}.Release|Any CPU.ActiveCfg = Release|Any CPU
		{4D629AF3-18F4-489D-84A1-5D0F0E3C7A37}.Release|Any CPU.Build.0 = Release|Any CPU
		{1B5AF885-C21C-4F04-B864-0A00D872AD94}.Debug|Any CPU.ActiveCfg = Debug|Any CPU
		{1B5AF885-C21C-4F04-B864-0A00D872AD94}.Debug|Any CPU.Build.0 = Debug|Any CPU
		{1B5AF885-C21C-4F04-B864-0A00D872AD94}.Release|Any CPU.ActiveCfg = Release|Any CPU
		{1B5AF885-C21C-4F04-B864-0A00D872AD94}.Release|Any CPU.Build.0 = Release|Any CPU
		{4C033FD4-DC52-4A8F-8BD0-CC6D623207A8}.Debug|Any CPU.ActiveCfg = Debug|Any CPU
		{4C033FD4-DC52-4A8F-8BD0-CC6D623207A8}.Debug|Any CPU.Build.0 = Debug|Any CPU
		{4C033FD4-DC52-4A8F-8BD0-CC6D623207A8}.Release|Any CPU.ActiveCfg = Release|Any CPU
		{4C033FD4-DC52-4A8F-8BD0-CC6D623207A8}.Release|Any CPU.Build.0 = Release|Any CPU
	EndGlobalSection
	GlobalSection(SolutionProperties) = preSolution
		HideSolutionNode = FALSE
	EndGlobalSection
	GlobalSection(ExtensibilityGlobals) = postSolution
		SolutionGuid = {E44EE45B-FB83-419A-9899-6EE15F4FC33F}
	EndGlobalSection
EndGlobal
