
Microsoft Visual Studio Solution File, Format Version 12.00
# Visual Studio Version 17
VisualStudioVersion = 17.6.33801.468
MinimumVisualStudioVersion = 10.0.40219.1
Project("{FAE04EC0-301F-11D3-BF4B-00C04F79EFBC}") = "e09", "e09\e09.csproj", "{E8D3823C-D616-48FF-A46F-969CAA0229FC}"
EndProject
Project("{FAE04EC0-301F-11D3-BF4B-00C04F79EFBC}") = "Polimorfizam", "Polimorfizam\Polimorfizam.csproj", "{E39F0023-CD70-4C02-A8F5-E7D768727487}"
EndProject
Global
	GlobalSection(SolutionConfigurationPlatforms) = preSolution
		Debug|Any CPU = Debug|Any CPU
		Release|Any CPU = Release|Any CPU
	EndGlobalSection
	GlobalSection(ProjectConfigurationPlatforms) = postSolution
		{E8D3823C-D616-48FF-A46F-969CAA0229FC}.Debug|Any CPU.ActiveCfg = Debug|Any CPU
		{E8D3823C-D616-48FF-A46F-969CAA0229FC}.Debug|Any CPU.Build.0 = Debug|Any CPU
		{E8D3823C-D616-48FF-A46F-969CAA0229FC}.Release|Any CPU.ActiveCfg = Release|Any CPU
		{E8D3823C-D616-48FF-A46F-969CAA0229FC}.Release|Any CPU.Build.0 = Release|Any CPU
		{E39F0023-CD70-4C02-A8F5-E7D768727487}.Debug|Any CPU.ActiveCfg = Debug|Any CPU
		{E39F0023-CD70-4C02-A8F5-E7D768727487}.Debug|Any CPU.Build.0 = Debug|Any CPU
		{E39F0023-CD70-4C02-A8F5-E7D768727487}.Release|Any CPU.ActiveCfg = Release|Any CPU
		{E39F0023-CD70-4C02-A8F5-E7D768727487}.Release|Any CPU.Build.0 = Release|Any CPU
	EndGlobalSection
	GlobalSection(SolutionProperties) = preSolution
		HideSolutionNode = FALSE
	EndGlobalSection
	GlobalSection(ExtensibilityGlobals) = postSolution
		SolutionGuid = {2E7DD26A-06D9-4434-9093-5829C2D0F042}
	EndGlobalSection
EndGlobal
