
Microsoft Visual Studio Solution File, Format Version 12.00
# Visual Studio Version 17
VisualStudioVersion = 17.6.33801.468
MinimumVisualStudioVersion = 10.0.40219.1
Project("{FAE04EC0-301F-11D3-BF4B-00C04F79EFBC}") = "E04", "E04\E04.csproj", "{654D0484-4419-417C-A2B7-CB85D16738AD}"
EndProject
Global
	GlobalSection(SolutionConfigurationPlatforms) = preSolution
		Debug|Any CPU = Debug|Any CPU
		Release|Any CPU = Release|Any CPU
	EndGlobalSection
	GlobalSection(ProjectConfigurationPlatforms) = postSolution
		{654D0484-4419-417C-A2B7-CB85D16738AD}.Debug|Any CPU.ActiveCfg = Debug|Any CPU
		{654D0484-4419-417C-A2B7-CB85D16738AD}.Debug|Any CPU.Build.0 = Debug|Any CPU
		{654D0484-4419-417C-A2B7-CB85D16738AD}.Release|Any CPU.ActiveCfg = Release|Any CPU
		{654D0484-4419-417C-A2B7-CB85D16738AD}.Release|Any CPU.Build.0 = Release|Any CPU
	EndGlobalSection
	GlobalSection(SolutionProperties) = preSolution
		HideSolutionNode = FALSE
	EndGlobalSection
	GlobalSection(ExtensibilityGlobals) = postSolution
		SolutionGuid = {4FD2D3A4-DF05-4F48-A9FE-2C5A0C67C13C}
	EndGlobalSection
EndGlobal
